// !$*UTF8*$!
{
	archiveVersion = 1;
	classes = {
	};
	objectVersion = 50;
	objects = {

/* Begin PBXBuildFile section */
		5B2A800E269CA9E700903637 /* AppDelegate.swift in Sources */ = {isa = PBXBuildFile; fileRef = 5B2A800D269CA9E700903637 /* AppDelegate.swift */; };
		5B2A8010269CA9E700903637 /* SceneDelegate.swift in Sources */ = {isa = PBXBuildFile; fileRef = 5B2A800F269CA9E700903637 /* SceneDelegate.swift */; };
		5B2A8012269CA9E700903637 /* ViewController.swift in Sources */ = {isa = PBXBuildFile; fileRef = 5B2A8011269CA9E700903637 /* ViewController.swift */; };
		5B2A8015269CA9E700903637 /* Main.storyboard in Resources */ = {isa = PBXBuildFile; fileRef = 5B2A8013269CA9E700903637 /* Main.storyboard */; };
		5B2A8018269CA9E700903637 /* WeightController.xcdatamodeld in Sources */ = {isa = PBXBuildFile; fileRef = 5B2A8016269CA9E700903637 /* WeightController.xcdatamodeld */; };
		5B2A801A269CA9EC00903637 /* Assets.xcassets in Resources */ = {isa = PBXBuildFile; fileRef = 5B2A8019269CA9EC00903637 /* Assets.xcassets */; };
		5B2A801D269CA9EC00903637 /* LaunchScreen.storyboard in Resources */ = {isa = PBXBuildFile; fileRef = 5B2A801B269CA9EC00903637 /* LaunchScreen.storyboard */; };
		5B2A8028269CB44800903637 /* EnterViewController.swift in Sources */ = {isa = PBXBuildFile; fileRef = 5B2A8027269CB44800903637 /* EnterViewController.swift */; };
		5B8AD8D126B1266F00D675E3 /* Person+CoreDataClass.swift in Sources */ = {isa = PBXBuildFile; fileRef = 5B8AD8CF26B1266F00D675E3 /* Person+CoreDataClass.swift */; };
		5B8AD8D226B1266F00D675E3 /* Person+CoreDataProperties.swift in Sources */ = {isa = PBXBuildFile; fileRef = 5B8AD8D026B1266F00D675E3 /* Person+CoreDataProperties.swift */; };
/* End PBXBuildFile section */

/* Begin PBXFileReference section */
		5B2A800A269CA9E700903637 /* WeightController.app */ = {isa = PBXFileReference; explicitFileType = wrapper.application; includeInIndex = 0; path = WeightController.app; sourceTree = BUILT_PRODUCTS_DIR; };
		5B2A800D269CA9E700903637 /* AppDelegate.swift */ = {isa = PBXFileReference; lastKnownFileType = sourcecode.swift; path = AppDelegate.swift; sourceTree = "<group>"; };
		5B2A800F269CA9E700903637 /* SceneDelegate.swift */ = {isa = PBXFileReference; lastKnownFileType = sourcecode.swift; path = SceneDelegate.swift; sourceTree = "<group>"; };
		5B2A8011269CA9E700903637 /* ViewController.swift */ = {isa = PBXFileReference; lastKnownFileType = sourcecode.swift; path = ViewController.swift; sourceTree = "<group>"; };
		5B2A8014269CA9E700903637 /* Base */ = {isa = PBXFileReference; lastKnownFileType = file.storyboard; name = Base; path = Base.lproj/Main.storyboard; sourceTree = "<group>"; };
		5B2A8017269CA9E700903637 /* WeightController.xcdatamodel */ = {isa = PBXFileReference; lastKnownFileType = wrapper.xcdatamodel; path = WeightController.xcdatamodel; sourceTree = "<group>"; };
		5B2A8019269CA9EC00903637 /* Assets.xcassets */ = {isa = PBXFileReference; lastKnownFileType = folder.assetcatalog; path = Assets.xcassets; sourceTree = "<group>"; };
		5B2A801C269CA9EC00903637 /* Base */ = {isa = PBXFileReference; lastKnownFileType = file.storyboard; name = Base; path = Base.lproj/LaunchScreen.storyboard; sourceTree = "<group>"; };
		5B2A801E269CA9EC00903637 /* Info.plist */ = {isa = PBXFileReference; lastKnownFileType = text.plist.xml; path = Info.plist; sourceTree = "<group>"; };
		5B2A8027269CB44800903637 /* EnterViewController.swift */ = {isa = PBXFileReference; lastKnownFileType = sourcecode.swift; path = EnterViewController.swift; sourceTree = "<group>"; };
		5B8AD8CF26B1266F00D675E3 /* Person+CoreDataClass.swift */ = {isa = PBXFileReference; lastKnownFileType = sourcecode.swift; path = "Person+CoreDataClass.swift"; sourceTree = "<group>"; };
		5B8AD8D026B1266F00D675E3 /* Person+CoreDataProperties.swift */ = {isa = PBXFileReference; lastKnownFileType = sourcecode.swift; path = "Person+CoreDataProperties.swift"; sourceTree = "<group>"; };
/* End PBXFileReference section */

/* Begin PBXFrameworksBuildPhase section */
		5B2A8007269CA9E700903637 /* Frameworks */ = {
			isa = PBXFrameworksBuildPhase;
			buildActionMask = 2147483647;
			files = (
			);
			runOnlyForDeploymentPostprocessing = 0;
		};
/* End PBXFrameworksBuildPhase section */

/* Begin PBXGroup section */
		5B2A8001269CA9E700903637 = {
			isa = PBXGroup;
			children = (
				5B8AD8CF26B1266F00D675E3 /* Person+CoreDataClass.swift */,
				5B8AD8D026B1266F00D675E3 /* Person+CoreDataProperties.swift */,
				5B2A800C269CA9E700903637 /* WeightController */,
				5B2A800B269CA9E700903637 /* Products */,
			);
			sourceTree = "<group>";
		};
		5B2A800B269CA9E700903637 /* Products */ = {
			isa = PBXGroup;
			children = (
				5B2A800A269CA9E700903637 /* WeightController.app */,
			);
			name = Products;
			sourceTree = "<group>";
		};
		5B2A800C269CA9E700903637 /* WeightController */ = {
			isa = PBXGroup;
			children = (
				5B2A8024269CB3F800903637 /* Controllers */,
				5B2A800D269CA9E700903637 /* AppDelegate.swift */,
				5B2A800F269CA9E700903637 /* SceneDelegate.swift */,
				5B2A8013269CA9E700903637 /* Main.storyboard */,
				5B2A801B269CA9EC00903637 /* LaunchScreen.storyboard */,
				5B2A8019269CA9EC00903637 /* Assets.xcassets */,
				5B2A801E269CA9EC00903637 /* Info.plist */,
				5B2A8016269CA9E700903637 /* WeightController.xcdatamodeld */,
			);
			path = WeightController;
			sourceTree = "<group>";
		};
		5B2A8024269CB3F800903637 /* Controllers */ = {
			isa = PBXGroup;
			children = (
				5B2A8011269CA9E700903637 /* ViewController.swift */,
				5B2A8027269CB44800903637 /* EnterViewController.swift */,
			);
			path = Controllers;
			sourceTree = "<group>";
		};
/* End PBXGroup section */

/* Begin PBXNativeTarget section */
		5B2A8009269CA9E700903637 /* WeightController */ = {
			isa = PBXNativeTarget;
			buildConfigurationList = 5B2A8021269CA9EC00903637 /* Build configuration list for PBXNativeTarget "WeightController" */;
			buildPhases = (
				5B2A8006269CA9E700903637 /* Sources */,
				5B2A8007269CA9E700903637 /* Frameworks */,
				5B2A8008269CA9E700903637 /* Resources */,
			);
			buildRules = (
			);
			dependencies = (
			);
			name = WeightController;
			productName = WeightController;
			productReference = 5B2A800A269CA9E700903637 /* WeightController.app */;
			productType = "com.apple.product-type.application";
		};
/* End PBXNativeTarget section */

/* Begin PBXProject section */
		5B2A8002269CA9E700903637 /* Project object */ = {
			isa = PBXProject;
			attributes = {
				LastSwiftUpdateCheck = 1250;
				LastUpgradeCheck = 1250;
				TargetAttributes = {
					5B2A8009269CA9E700903637 = {
						CreatedOnToolsVersion = 12.5.1;
					};
				};
			};
			buildConfigurationList = 5B2A8005269CA9E700903637 /* Build configuration list for PBXProject "WeightController" */;
			compatibilityVersion = "Xcode 9.3";
			developmentRegion = en;
			hasScannedForEncodings = 0;
			knownRegions = (
				en,
				Base,
			);
			mainGroup = 5B2A8001269CA9E700903637;
			productRefGroup = 5B2A800B269CA9E700903637 /* Products */;
			projectDirPath = "";
			projectRoot = "";
			targets = (
				5B2A8009269CA9E700903637 /* WeightController */,
			);
		};
/* End PBXProject section */

/* Begin PBXResourcesBuildPhase section */
		5B2A8008269CA9E700903637 /* Resources */ = {
			isa = PBXResourcesBuildPhase;
			buildActionMask = 2147483647;
			files = (
				5B2A801D269CA9EC00903637 /* LaunchScreen.storyboard in Resources */,
				5B2A801A269CA9EC00903637 /* Assets.xcassets in Resources */,
				5B2A8015269CA9E700903637 /* Main.storyboard in Resources */,
			);
			runOnlyForDeploymentPostprocessing = 0;
		};
/* End PBXResourcesBuildPhase section */

/* Begin PBXSourcesBuildPhase section */
		5B2A8006269CA9E700903637 /* Sources */ = {
			isa = PBXSourcesBuildPhase;
			buildActionMask = 2147483647;
			files = (
				5B8AD8D226B1266F00D675E3 /* Person+CoreDataProperties.swift in Sources */,
				5B2A8012269CA9E700903637 /* ViewController.swift in Sources */,
				5B2A8018269CA9E700903637 /* WeightController.xcdatamodeld in Sources */,
				5B8AD8D126B1266F00D675E3 /* Person+CoreDataClass.swift in Sources */,
				5B2A800E269CA9E700903637 /* AppDelegate.swift in Sources */,
				5B2A8010269CA9E700903637 /* SceneDelegate.swift in Sources */,
				5B2A8028269CB44800903637 /* EnterViewController.swift in Sources */,
			);
			runOnlyForDeploymentPostprocessing = 0;
		};
/* End PBXSourcesBuildPhase section */

/* Begin PBXVariantGroup section */
		5B2A8013269CA9E700903637 /* Main.storyboard */ = {
			isa = PBXVariantGroup;
			children = (
				5B2A8014269CA9E700903637 /* Base */,
			);
			name = Main.storyboard;
			sourceTree = "<group>";
		};
		5B2A801B269CA9EC00903637 /* LaunchScreen.storyboard */ = {
			isa = PBXVariantGroup;
			children = (
				5B2A801C269CA9EC00903637 /* Base */,
			);
			name = LaunchScreen.storyboard;
			sourceTree = "<group>";
		};
/* End PBXVariantGroup section */

/* Begin XCBuildConfiguration section */
		5B2A801F269CA9EC00903637 /* Debug */ = {
			isa = XCBuildConfiguration;
			buildSettings = {
				ALWAYS_SEARCH_USER_PATHS = NO;
				CLANG_ANALYZER_NONNULL = YES;
				CLANG_ANALYZER_NUMBER_OBJECT_CONVERSION = YES_AGGRESSIVE;
				CLANG_CXX_LANGUAGE_STANDARD = "gnu++14";
				CLANG_CXX_LIBRARY = "libc++";
				CLANG_ENABLE_MODULES = YES;
				CLANG_ENABLE_OBJC_ARC = YES;
				CLANG_ENABLE_OBJC_WEAK = YES;
				CLANG_WARN_BLOCK_CAPTURE_AUTORELEASING = YES;
				CLANG_WARN_BOOL_CONVERSION = YES;
				CLANG_WARN_COMMA = YES;
				CLANG_WARN_CONSTANT_CONVERSION = YES;
				CLANG_WARN_DEPRECATED_OBJC_IMPLEMENTATIONS = YES;
				CLANG_WARN_DIRECT_OBJC_ISA_USAGE = YES_ERROR;
				CLANG_WARN_DOCUMENTATION_COMMENTS = YES;
				CLANG_WARN_EMPTY_BODY = YES;
				CLANG_WARN_ENUM_CONVERSION = YES;
				CLANG_WARN_INFINITE_RECURSION = YES;
				CLANG_WARN_INT_CONVERSION = YES;
				CLANG_WARN_NON_LITERAL_NULL_CONVERSION = YES;
				CLANG_WARN_OBJC_IMPLICIT_RETAIN_SELF = YES;
				CLANG_WARN_OBJC_LITERAL_CONVERSION = YES;
				CLANG_WARN_OBJC_ROOT_CLASS = YES_ERROR;
				CLANG_WARN_QUOTED_INCLUDE_IN_FRAMEWORK_HEADER = YES;
				CLANG_WARN_RANGE_LOOP_ANALYSIS = YES;
				CLANG_WARN_STRICT_PROTOTYPES = YES;
				CLANG_WARN_SUSPICIOUS_MOVE = YES;
				CLANG_WARN_UNGUARDED_AVAILABILITY = YES_AGGRESSIVE;
				CLANG_WARN_UNREACHABLE_CODE = YES;
				CLANG_WARN__DUPLICATE_METHOD_MATCH = YES;
				COPY_PHASE_STRIP = NO;
				DEBUG_INFORMATION_FORMAT = dwarf;
				ENABLE_STRICT_OBJC_MSGSEND = YES;
				ENABLE_TESTABILITY = YES;
				GCC_C_LANGUAGE_STANDARD = gnu11;
				GCC_DYNAMIC_NO_PIC = NO;
				GCC_NO_COMMON_BLOCKS = YES;
				GCC_OPTIMIZATION_LEVEL = 0;
				GCC_PREPROCESSOR_DEFINITIONS = (
					"DEBUG=1",
					"$(inherited)",
				);
				GCC_WARN_64_TO_32_BIT_CONVERSION = YES;
				GCC_WARN_ABOUT_RETURN_TYPE = YES_ERROR;
				GCC_WARN_UNDECLARED_SELECTOR = YES;
				GCC_WARN_UNINITIALIZED_AUTOS = YES_AGGRESSIVE;
				GCC_WARN_UNUSED_FUNCTION = YES;
				GCC_WARN_UNUSED_VARIABLE = YES;
				IPHONEOS_DEPLOYMENT_TARGET = 14.5;
				MTL_ENABLE_DEBUG_INFO = INCLUDE_SOURCE;
				MTL_FAST_MATH = YES;
				ONLY_ACTIVE_ARCH = YES;
				SDKROOT = iphoneos;
				SWIFT_ACTIVE_COMPILATION_CONDITIONS = DEBUG;
				SWIFT_OPTIMIZATION_LEVEL = "-Onone";
			};
			name = Debug;
		};
		5B2A8020269CA9EC00903637 /* Release */ = {
			isa = XCBuildConfiguration;
			buildSettings = {
				ALWAYS_SEARCH_USER_PATHS = NO;
				CLANG_ANALYZER_NONNULL = YES;
				CLANG_ANALYZER_NUMBER_OBJECT_CONVERSION = YES_AGGRESSIVE;
				CLANG_CXX_LANGUAGE_STANDARD = "gnu++14";
				CLANG_CXX_LIBRARY = "libc++";
				CLANG_ENABLE_MODULES = YES;
				CLANG_ENABLE_OBJC_ARC = YES;
				CLANG_ENABLE_OBJC_WEAK = YES;
				CLANG_WARN_BLOCK_CAPTURE_AUTORELEASING = YES;
				CLANG_WARN_BOOL_CONVERSION = YES;
				CLANG_WARN_COMMA = YES;
				CLANG_WARN_CONSTANT_CONVERSION = YES;
				CLANG_WARN_DEPRECATED_OBJC_IMPLEMENTATIONS = YES;
				CLANG_WARN_DIRECT_OBJC_ISA_USAGE = YES_ERROR;
				CLANG_WARN_DOCUMENTATION_COMMENTS = YES;
				CLANG_WARN_EMPTY_BODY = YES;
				CLANG_WARN_ENUM_CONVERSION = YES;
				CLANG_WARN_INFINITE_RECURSION = YES;
				CLANG_WARN_INT_CONVERSION = YES;
				CLANG_WARN_NON_LITERAL_NULL_CONVERSION = YES;
				CLANG_WARN_OBJC_IMPLICIT_RETAIN_SELF = YES;
				CLANG_WARN_OBJC_LITERAL_CONVERSION = YES;
				CLANG_WARN_OBJC_ROOT_CLASS = YES_ERROR;
				CLANG_WARN_QUOTED_INCLUDE_IN_FRAMEWORK_HEADER = YES;
				CLANG_WARN_RANGE_LOOP_ANALYSIS = YES;
				CLANG_WARN_STRICT_PROTOTYPES = YES;
				CLANG_WARN_SUSPICIOUS_MOVE = YES;
				CLANG_WARN_UNGUARDED_AVAILABILITY = YES_AGGRESSIVE;
				CLANG_WARN_UNREACHABLE_CODE = YES;
				CLANG_WARN__DUPLICATE_METHOD_MATCH = YES;
				COPY_PHASE_STRIP = NO;
				DEBUG_INFORMATION_FORMAT = "dwarf-with-dsym";
				ENABLE_NS_ASSERTIONS = NO;
				ENABLE_STRICT_OBJC_MSGSEND = YES;
				GCC_C_LANGUAGE_STANDARD = gnu11;
				GCC_NO_COMMON_BLOCKS = YES;
				GCC_WARN_64_TO_32_BIT_CONVERSION = YES;
				GCC_WARN_ABOUT_RETURN_TYPE = YES_ERROR;
				GCC_WARN_UNDECLARED_SELECTOR = YES;
				GCC_WARN_UNINITIALIZED_AUTOS = YES_AGGRESSIVE;
				GCC_WARN_UNUSED_FUNCTION = YES;
				GCC_WARN_UNUSED_VARIABLE = YES;
				IPHONEOS_DEPLOYMENT_TARGET = 14.5;
				MTL_ENABLE_DEBUG_INFO = NO;
				MTL_FAST_MATH = YES;
				SDKROOT = iphoneos;
				SWIFT_COMPILATION_MODE = wholemodule;
				SWIFT_OPTIMIZATION_LEVEL = "-O";
				VALIDATE_PRODUCT = YES;
			};
			name = Release;
		};
		5B2A8022269CA9EC00903637 /* Debug */ = {
			isa = XCBuildConfiguration;
			buildSettings = {
				ASSETCATALOG_COMPILER_APPICON_NAME = AppIcon;
				ASSETCATALOG_COMPILER_GLOBAL_ACCENT_COLOR_NAME = AccentColor;
				CODE_SIGN_STYLE = Automatic;
				DEVELOPMENT_TEAM = W24JGPBXUW;
				INFOPLIST_FILE = WeightController/Info.plist;
				LD_RUNPATH_SEARCH_PATHS = (
					"$(inherited)",
					"@executable_path/Frameworks",
				);
				PRODUCT_BUNDLE_IDENTIFIER = MyTests.WeightController;
				PRODUCT_NAME = "$(TARGET_NAME)";
				SWIFT_VERSION = 5.0;
				TARGETED_DEVICE_FAMILY = "1,2";
			};
			name = Debug;
		};
		5B2A8023269CA9EC00903637 /* Release */ = {
			isa = XCBuildConfiguration;
			buildSettings = {
				ASSETCATALOG_COMPILER_APPICON_NAME = AppIcon;
				ASSETCATALOG_COMPILER_GLOBAL_ACCENT_COLOR_NAME = AccentColor;
				CODE_SIGN_STYLE = Automatic;
				DEVELOPMENT_TEAM = W24JGPBXUW;
				INFOPLIST_FILE = WeightController/Info.plist;
				LD_RUNPATH_SEARCH_PATHS = (
					"$(inherited)",
					"@executable_path/Frameworks",
				);
				PRODUCT_BUNDLE_IDENTIFIER = MyTests.WeightController;
				PRODUCT_NAME = "$(TARGET_NAME)";
				SWIFT_VERSION = 5.0;
				TARGETED_DEVICE_FAMILY = "1,2";
			};
			name = Release;
		};
/* End XCBuildConfiguration section */

/* Begin XCConfigurationList section */
		5B2A8005269CA9E700903637 /* Build configuration list for PBXProject "WeightController" */ = {
			isa = XCConfigurationList;
			buildConfigurations = (
				5B2A801F269CA9EC00903637 /* Debug */,
				5B2A8020269CA9EC00903637 /* Release */,
			);
			defaultConfigurationIsVisible = 0;
			defaultConfigurationName = Release;
		};
		5B2A8021269CA9EC00903637 /* Build configuration list for PBXNativeTarget "WeightController" */ = {
			isa = XCConfigurationList;
			buildConfigurations = (
				5B2A8022269CA9EC00903637 /* Debug */,
				5B2A8023269CA9EC00903637 /* Release */,
			);
			defaultConfigurationIsVisible = 0;
			defaultConfigurationName = Release;
		};
/* End XCConfigurationList section */

/* Begin XCVersionGroup section */
		5B2A8016269CA9E700903637 /* WeightController.xcdatamodeld */ = {
			isa = XCVersionGroup;
			children = (
				5B2A8017269CA9E700903637 /* WeightController.xcdatamodel */,
			);
			currentVersion = 5B2A8017269CA9E700903637 /* WeightController.xcdatamodel */;
			path = WeightController.xcdatamodeld;
			sourceTree = "<group>";
			versionGroupType = wrapper.xcdatamodel;
		};
/* End XCVersionGroup section */
	};
	rootObject = 5B2A8002269CA9E700903637 /* Project object */;
}
